
Microsoft Visual Studio Solution File, Format Version 12.00
# Visual Studio Version 17
VisualStudioVersion = 17.4.33122.133
MinimumVisualStudioVersion = 10.0.40219.1
Project("{FAE04EC0-301F-11D3-BF4B-00C04F79EFBC}") = "AddressBookManagementSystem", "AddressBookManagementSystem\AddressBookManagementSystem.csproj", "{7782C1F1-2535-4EC3-A244-2C0D2AA49284}"
EndProject
Global
	GlobalSection(SolutionConfigurationPlatforms) = preSolution
		Debug|Any CPU = Debug|Any CPU
		Release|Any CPU = Release|Any CPU
	EndGlobalSection
	GlobalSection(ProjectConfigurationPlatforms) = postSolution
		{7782C1F1-2535-4EC3-A244-2C0D2AA49284}.Debug|Any CPU.ActiveCfg = Debug|Any CPU
		{7782C1F1-2535-4EC3-A244-2C0D2AA49284}.Debug|Any CPU.Build.0 = Debug|Any CPU
		{7782C1F1-2535-4EC3-A244-2C0D2AA49284}.Release|Any CPU.ActiveCfg = Release|Any CPU
		{7782C1F1-2535-4EC3-A244-2C0D2AA49284}.Release|Any CPU.Build.0 = Release|Any CPU
	EndGlobalSection
	GlobalSection(SolutionProperties) = preSolution
		HideSolutionNode = FALSE
	EndGlobalSection
	GlobalSection(ExtensibilityGlobals) = postSolution
		SolutionGuid = {76B112FD-F00D-499E-A535-24AC93085C71}
	EndGlobalSection
EndGlobal
